// !$*UTF8*$!
{
	archiveVersion = 1;
	classes = {
	};
	objectVersion = 46;
	objects = {

/* Begin PBXBuildFile section */
		80DAAC901A2E4CAB008D93B1 /* main.m in Sources */ = {isa = PBXBuildFile; fileRef = 80DAAC8F1A2E4CAB008D93B1 /* main.m */; };
		80DAAC931A2E4CAB008D93B1 /* AppDelegate.m in Sources */ = {isa = PBXBuildFile; fileRef = 80DAAC921A2E4CAB008D93B1 /* AppDelegate.m */; };
		80DAAC961A2E4CAB008D93B1 /* ViewController.m in Sources */ = {isa = PBXBuildFile; fileRef = 80DAAC951A2E4CAB008D93B1 /* ViewController.m */; };
		80DAAC991A2E4CAB008D93B1 /* Main.storyboard in Resources */ = {isa = PBXBuildFile; fileRef = 80DAAC971A2E4CAB008D93B1 /* Main.storyboard */; };
		80DAAC9B1A2E4CAB008D93B1 /* Images.xcassets in Resources */ = {isa = PBXBuildFile; fileRef = 80DAAC9A1A2E4CAB008D93B1 /* Images.xcassets */; };
		80DAAC9E1A2E4CAB008D93B1 /* LaunchScreen.xib in Resources */ = {isa = PBXBuildFile; fileRef = 80DAAC9C1A2E4CAB008D93B1 /* LaunchScreen.xib */; };
/* End PBXBuildFile section */

/* Begin PBXFileReference section */
		80DAAC8A1A2E4CAB008D93B1 /* Bug18962092.app */ = {isa = PBXFileReference; explicitFileType = wrapper.application; includeInIndex = 0; path = Bug18962092.app; sourceTree = BUILT_PRODUCTS_DIR; };
		80DAAC8E1A2E4CAB008D93B1 /* Info.plist */ = {isa = PBXFileReference; lastKnownFileType = text.plist.xml; path = Info.plist; sourceTree = "<group>"; };
		80DAAC8F1A2E4CAB008D93B1 /* main.m */ = {isa = PBXFileReference; lastKnownFileType = sourcecode.c.objc; path = main.m; sourceTree = "<group>"; };
		80DAAC911A2E4CAB008D93B1 /* AppDelegate.h */ = {isa = PBXFileReference; lastKnownFileType = sourcecode.c.h; path = AppDelegate.h; sourceTree = "<group>"; };
		80DAAC921A2E4CAB008D93B1 /* AppDelegate.m */ = {isa = PBXFileReference; lastKnownFileType = sourcecode.c.objc; path = AppDelegate.m; sourceTree = "<group>"; };
		80DAAC941A2E4CAB008D93B1 /* ViewController.h */ = {isa = PBXFileReference; lastKnownFileType = sourcecode.c.h; path = ViewController.h; sourceTree = "<group>"; };
		80DAAC951A2E4CAB008D93B1 /* ViewController.m */ = {isa = PBXFileReference; lastKnownFileType = sourcecode.c.objc; path = ViewController.m; sourceTree = "<group>"; };
		80DAAC981A2E4CAB008D93B1 /* Base */ = {isa = PBXFileReference; lastKnownFileType = file.storyboard; name = Base; path = Base.lproj/Main.storyboard; sourceTree = "<group>"; };
		80DAAC9A1A2E4CAB008D93B1 /* Images.xcassets */ = {isa = PBXFileReference; lastKnownFileType = folder.assetcatalog; path = Images.xcassets; sourceTree = "<group>"; };
		80DAAC9D1A2E4CAB008D93B1 /* Base */ = {isa = PBXFileReference; lastKnownFileType = file.xib; name = Base; path = Base.lproj/LaunchScreen.xib; sourceTree = "<group>"; };
/* End PBXFileReference section */

/* Begin PBXFrameworksBuildPhase section */
		80DAAC871A2E4CAB008D93B1 /* Frameworks */ = {
			isa = PBXFrameworksBuildPhase;
			buildActionMask = 2147483647;
			files = (
			);
			runOnlyForDeploymentPostprocessing = 0;
		};
/* End PBXFrameworksBuildPhase section */

/* Begin PBXGroup section */
		80DAAC811A2E4CAB008D93B1 = {
			isa = PBXGroup;
			children = (
				80DAAC8C1A2E4CAB008D93B1 /* Bug18962092 */,
				80DAAC8B1A2E4CAB008D93B1 /* Products */,
			);
			sourceTree = "<group>";
		};
		80DAAC8B1A2E4CAB008D93B1 /* Products */ = {
			isa = PBXGroup;
			children = (
				80DAAC8A1A2E4CAB008D93B1 /* Bug18962092.app */,
			);
			name = Products;
			sourceTree = "<group>";
		};
		80DAAC8C1A2E4CAB008D93B1 /* Bug18962092 */ = {
			isa = PBXGroup;
			children = (
				80DAAC911A2E4CAB008D93B1 /* AppDelegate.h */,
				80DAAC921A2E4CAB008D93B1 /* AppDelegate.m */,
				80DAAC941A2E4CAB008D93B1 /* ViewController.h */,
				80DAAC951A2E4CAB008D93B1 /* ViewController.m */,
				80DAAC971A2E4CAB008D93B1 /* Main.storyboard */,
				80DAAC9A1A2E4CAB008D93B1 /* Images.xcassets */,
				80DAAC9C1A2E4CAB008D93B1 /* LaunchScreen.xib */,
				80DAAC8D1A2E4CAB008D93B1 /* Supporting Files */,
			);
			path = Bug18962092;
			sourceTree = "<group>";
		};
		80DAAC8D1A2E4CAB008D93B1 /* Supporting Files */ = {
			isa = PBXGroup;
			children = (
				80DAAC8E1A2E4CAB008D93B1 /* Info.plist */,
				80DAAC8F1A2E4CAB008D93B1 /* main.m */,
			);
			name = "Supporting Files";
			sourceTree = "<group>";
		};
/* End PBXGroup section */

/* Begin PBXNativeTarget section */
		80DAAC891A2E4CAB008D93B1 /* Bug18962092 */ = {
			isa = PBXNativeTarget;
			buildConfigurationList = 80DAACAD1A2E4CAB008D93B1 /* Build configuration list for PBXNativeTarget "Bug18962092" */;
			buildPhases = (
				80DAAC861A2E4CAB008D93B1 /* Sources */,
				80DAAC871A2E4CAB008D93B1 /* Frameworks */,
				80DAAC881A2E4CAB008D93B1 /* Resources */,
			);
			buildRules = (
			);
			dependencies = (
			);
			name = Bug18962092;
			productName = Bug18962092;
			productReference = 80DAAC8A1A2E4CAB008D93B1 /* Bug18962092.app */;
			productType = "com.apple.product-type.application";
		};
/* End PBXNativeTarget section */

/* Begin PBXProject section */
		80DAAC821A2E4CAB008D93B1 /* Project object */ = {
			isa = PBXProject;
			attributes = {
				LastUpgradeCheck = 0610;
				ORGANIZATIONNAME = ZOLL;
				TargetAttributes = {
					80DAAC891A2E4CAB008D93B1 = {
						CreatedOnToolsVersion = 6.1;
					};
				};
			};
			buildConfigurationList = 80DAAC851A2E4CAB008D93B1 /* Build configuration list for PBXProject "Bug18962092" */;
			compatibilityVersion = "Xcode 3.2";
			developmentRegion = English;
			hasScannedForEncodings = 0;
			knownRegions = (
				en,
				Base,
			);
			mainGroup = 80DAAC811A2E4CAB008D93B1;
			productRefGroup = 80DAAC8B1A2E4CAB008D93B1 /* Products */;
			projectDirPath = "";
			projectRoot = "";
			targets = (
				80DAAC891A2E4CAB008D93B1 /* Bug18962092 */,
			);
		};
/* End PBXProject section */

/* Begin PBXResourcesBuildPhase section */
		80DAAC881A2E4CAB008D93B1 /* Resources */ = {
			isa = PBXResourcesBuildPhase;
			buildActionMask = 2147483647;
			files = (
				80DAAC991A2E4CAB008D93B1 /* Main.storyboard in Resources */,
				80DAAC9E1A2E4CAB008D93B1 /* LaunchScreen.xib in Resources */,
				80DAAC9B1A2E4CAB008D93B1 /* Images.xcassets in Resources */,
			);
			runOnlyForDeploymentPostprocessing = 0;
		};
/* End PBXResourcesBuildPhase section */

/* Begin PBXSourcesBuildPhase section */
		80DAAC861A2E4CAB008D93B1 /* Sources */ = {
			isa = PBXSourcesBuildPhase;
			buildActionMask = 2147483647;
			files = (
				80DAAC961A2E4CAB008D93B1 /* ViewController.m in Sources */,
				80DAAC931A2E4CAB008D93B1 /* AppDelegate.m in Sources */,
				80DAAC901A2E4CAB008D93B1 /* main.m in Sources */,
			);
			runOnlyForDeploymentPostprocessing = 0;
		};
/* End PBXSourcesBuildPhase section */

/* Begin PBXVariantGroup section */
		80DAAC971A2E4CAB008D93B1 /* Main.storyboard */ = {
			isa = PBXVariantGroup;
			children = (
				80DAAC981A2E4CAB008D93B1 /* Base */,
			);
			name = Main.storyboard;
			sourceTree = "<group>";
		};
		80DAAC9C1A2E4CAB008D93B1 /* LaunchScreen.xib */ = {
			isa = PBXVariantGroup;
			children = (
				80DAAC9D1A2E4CAB008D93B1 /* Base */,
			);
			name = LaunchScreen.xib;
			sourceTree = "<group>";
		};
/* End PBXVariantGroup section */

/* Begin XCBuildConfiguration section */
		80DAACAB1A2E4CAB008D93B1 /* Debug */ = {
			isa = XCBuildConfiguration;
			buildSettings = {
				ALWAYS_SEARCH_USER_PATHS = NO;
				CLANG_CXX_LANGUAGE_STANDARD = "gnu++0x";
				CLANG_CXX_LIBRARY = "libc++";
				CLANG_ENABLE_MODULES = YES;
				CLANG_ENABLE_OBJC_ARC = YES;
				CLANG_WARN_BOOL_CONVERSION = YES;
				CLANG_WARN_CONSTANT_CONVERSION = YES;
				CLANG_WARN_DIRECT_OBJC_ISA_USAGE = YES_ERROR;
				CLANG_WARN_EMPTY_BODY = YES;
				CLANG_WARN_ENUM_CONVERSION = YES;
				CLANG_WARN_INT_CONVERSION = YES;
				CLANG_WARN_OBJC_ROOT_CLASS = YES_ERROR;
				CLANG_WARN_UNREACHABLE_CODE = YES;
				CLANG_WARN__DUPLICATE_METHOD_MATCH = YES;
				"CODE_SIGN_IDENTITY[sdk=iphoneos*]" = "iPhone Developer";
				COPY_PHASE_STRIP = NO;
				ENABLE_STRICT_OBJC_MSGSEND = YES;
				GCC_C_LANGUAGE_STANDARD = gnu99;
				GCC_DYNAMIC_NO_PIC = NO;
				GCC_OPTIMIZATION_LEVEL = 0;
				GCC_PREPROCESSOR_DEFINITIONS = (
					"DEBUG=1",
					"$(inherited)",
				);
				GCC_SYMBOLS_PRIVATE_EXTERN = NO;
				GCC_WARN_64_TO_32_BIT_CONVERSION = YES;
				GCC_WARN_ABOUT_RETURN_TYPE = YES_ERROR;
				GCC_WARN_UNDECLARED_SELECTOR = YES;
				GCC_WARN_UNINITIALIZED_AUTOS = YES_AGGRESSIVE;
				GCC_WARN_UNUSED_FUNCTION = YES;
				GCC_WARN_UNUSED_VARIABLE = YES;
				IPHONEOS_DEPLOYMENT_TARGET = 8.1;
				MTL_ENABLE_DEBUG_INFO = YES;
				ONLY_ACTIVE_ARCH = YES;
				SDKROOT = iphoneos;
				TARGETED_DEVICE_FAMILY = "1,2";
			};
			name = Debug;
		};
		80DAACAC1A2E4CAB008D93B1 /* Release */ = {
			isa = XCBuildConfiguration;
			buildSettings = {
				ALWAYS_SEARCH_USER_PATHS = NO;
				CLANG_CXX_LANGUAGE_STANDARD = "gnu++0x";
				CLANG_CXX_LIBRARY = "libc++";
				CLANG_ENABLE_MODULES = YES;
				CLANG_ENABLE_OBJC_ARC = YES;
				CLANG_WARN_BOOL_CONVERSION = YES;
				CLANG_WARN_CONSTANT_CONVERSION = YES;
				CLANG_WARN_DIRECT_OBJC_ISA_USAGE = YES_ERROR;
				CLANG_WARN_EMPTY_BODY = YES;
				CLANG_WARN_ENUM_CONVERSION = YES;
				CLANG_WARN_INT_CONVERSION = YES;
				CLANG_WARN_OBJC_ROOT_CLASS = YES_ERROR;
				CLANG_WARN_UNREACHABLE_CODE = YES;
				CLANG_WARN__DUPLICATE_METHOD_MATCH = YES;
				"CODE_SIGN_IDENTITY[sdk=iphoneos*]" = "iPhone Developer";
				COPY_PHASE_STRIP = YES;
				ENABLE_NS_ASSERTIONS = NO;
				ENABLE_STRICT_OBJC_MSGSEND = YES;
				GCC_C_LANGUAGE_STANDARD = gnu99;
				GCC_WARN_64_TO_32_BIT_CONVERSION = YES;
				GCC_WARN_ABOUT_RETURN_TYPE = YES_ERROR;
				GCC_WARN_UNDECLARED_SELECTOR = YES;
				GCC_WARN_UNINITIALIZED_AUTOS = YES_AGGRESSIVE;
				GCC_WARN_UNUSED_FUNCTION = YES;
				GCC_WARN_UNUSED_VARIABLE = YES;
				IPHONEOS_DEPLOYMENT_TARGET = 8.1;
				MTL_ENABLE_DEBUG_INFO = NO;
				SDKROOT = iphoneos;
				TARGETED_DEVICE_FAMILY = "1,2";
				VALIDATE_PRODUCT = YES;
			};
			name = Release;
		};
		80DAACAE1A2E4CAB008D93B1 /* Debug */ = {
			isa = XCBuildConfiguration;
			buildSettings = {
				ASSETCATALOG_COMPILER_APPICON_NAME = AppIcon;
				INFOPLIST_FILE = Bug18962092/Info.plist;
				LD_RUNPATH_SEARCH_PATHS = "$(inherited) @executable_path/Frameworks";
				PRODUCT_NAME = "$(TARGET_NAME)";
				TARGETED_DEVICE_FAMILY = 2;
			};
			name = Debug;
		};
		80DAACAF1A2E4CAB008D93B1 /* Release */ = {
			isa = XCBuildConfiguration;
			buildSettings = {
				ASSETCATALOG_COMPILER_APPICON_NAME = AppIcon;
				INFOPLIST_FILE = Bug18962092/Info.plist;
				LD_RUNPATH_SEARCH_PATHS = "$(inherited) @executable_path/Frameworks";
				PRODUCT_NAME = "$(TARGET_NAME)";
				TARGETED_DEVICE_FAMILY = 2;
			};
			name = Release;
		};
/* End XCBuildConfiguration section */

/* Begin XCConfigurationList section */
		80DAAC851A2E4CAB008D93B1 /* Build configuration list for PBXProject "Bug18962092" */ = {
			isa = XCConfigurationList;
			buildConfigurations = (
				80DAACAB1A2E4CAB008D93B1 /* Debug */,
				80DAACAC1A2E4CAB008D93B1 /* Release */,
			);
			defaultConfigurationIsVisible = 0;
			defaultConfigurationName = Release;
		};
		80DAACAD1A2E4CAB008D93B1 /* Build configuration list for PBXNativeTarget "Bug18962092" */ = {
			isa = XCConfigurationList;
			buildConfigurations = (
				80DAACAE1A2E4CAB008D93B1 /* Debug */,
				80DAACAF1A2E4CAB008D93B1 /* Release */,
			);
			defaultConfigurationIsVisible = 0;
			defaultConfigurationName = Release;
		};
/* End XCConfigurationList section */
	};
	rootObject = 80DAAC821A2E4CAB008D93B1 /* Project object */;
}
